{
	"name": "nuspell-wasm",
	"version": "0.1.1",
	"lockfileVersion": 3,
	"requires": true,
	"packages": {
		"": {
			"name": "nuspell-wasm",
			"version": "0.1.1",
			"license": "LGPL-3.0",
			"devDependencies": {
				"@types/node": "^22.8.5"
			}
		},
		"node_modules/@types/node": {
			"version": "22.8.5",
			"dev": true,
			"license": "MIT",
			"dependencies": {
				"undici-types": "~6.19.8"
			}
		},
		"node_modules/undici-types": {
			"version": "6.19.8",
			"dev": true,
			"license": "MIT"
		}
	}
}
